{
  "pins" : [
    {
      "identity" : "assetcatalogkit",
      "kind" : "remoteSourceControl",
      "location" : "https://github.com/apparata/AssetCatalogKit",
      "state" : {
        "revision" : "f1b5cf5e1a2bc8674300dbcbb909af4b0a1a8841",
        "version" : "1.4.0"
      }
    },
    {
      "identity" : "swift-argument-parser",
      "kind" : "remoteSourceControl",
      "location" : "https://github.com/apple/swift-argument-parser",
      "state" : {
        "revision" : "fee6933f37fde9a5e12a1e4aeaa93fe60116ff2a",
        "version" : "1.2.2"
      }
    },
    {
      "identity" : "systemkit",
      "kind" : "remoteSourceControl",
      "location" : "https://github.com/apparata/SystemKit",
      "state" : {
        "revision" : "f68baaf9078c2a3aa503b00fd46fbcb243617933",
        "version" : "1.7.0"
      }
    }
  ],
  "version" : 2
}
